
Microsoft Visual Studio Solution File, Format Version 12.00
# Visual Studio Version 17
VisualStudioVersion = 17.6.33829.357
MinimumVisualStudioVersion = 10.0.40219.1
Project("{FAE04EC0-301F-11D3-BF4B-00C04F79EFBC}") = "CSharp_laixuatnganhang", "CSharp_laixuatnganhang.csproj", "{38AF2F08-0137-40A0-AF1B-677C1310D36D}"
EndProject
Global
	GlobalSection(SolutionConfigurationPlatforms) = preSolution
		Debug|Any CPU = Debug|Any CPU
		Release|Any CPU = Release|Any CPU
	EndGlobalSection
	GlobalSection(ProjectConfigurationPlatforms) = postSolution
		{38AF2F08-0137-40A0-AF1B-677C1310D36D}.Debug|Any CPU.ActiveCfg = Debug|Any CPU
		{38AF2F08-0137-40A0-AF1B-677C1310D36D}.Debug|Any CPU.Build.0 = Debug|Any CPU
		{38AF2F08-0137-40A0-AF1B-677C1310D36D}.Release|Any CPU.ActiveCfg = Release|Any CPU
		{38AF2F08-0137-40A0-AF1B-677C1310D36D}.Release|Any CPU.Build.0 = Release|Any CPU
	EndGlobalSection
	GlobalSection(SolutionProperties) = preSolution
		HideSolutionNode = FALSE
	EndGlobalSection
	GlobalSection(ExtensibilityGlobals) = postSolution
		SolutionGuid = {B4D91E36-8592-4CC2-B5D9-A98845355369}
	EndGlobalSection
EndGlobal
